PATH
  remote: .
  specs:
    crds-styles (3.2.0)
      bootstrap-sass (~> 3.3)
      sass (~> 3.2)

GEM
  remote: https://rubygems.org/
  specs:
    autoprefixer-rails (9.4.7)
      execjs
    bootstrap-sass (3.4.1)
      autoprefixer-rails (>= 5.2.1)
      sassc (>= 2.0.0)
    execjs (2.7.0)
    ffi (1.9.25)
    rake (12.3.2)
    rb-fsevent (0.10.3)
    rb-inotify (0.10.0)
      ffi (~> 1.0)
    sass (3.7.3)
      sass-listen (~> 4.0.0)
    sass-listen (4.0.0)
      rb-fsevent (~> 0.9, >= 0.9.4)
      rb-inotify (~> 0.9, >= 0.9.7)
    sassc (2.0.0)
      ffi (~> 1.9.6)
      rake

PLATFORMS
  ruby

DEPENDENCIES
  crds-styles!

BUNDLED WITH
   1.17.1
